// !$*UTF8*$!
{
	archiveVersion = 1;
	classes = {
	};
	objectVersion = 55;
	objects = {

/* Begin PBXBuildFile section */
		6342EEE528BC528800D89794 /* AppDelegate.swift in Sources */ = {isa = PBXBuildFile; fileRef = 6342EEE428BC528800D89794 /* AppDelegate.swift */; };
		6342EEE728BC528800D89794 /* SceneDelegate.swift in Sources */ = {isa = PBXBuildFile; fileRef = 6342EEE628BC528800D89794 /* SceneDelegate.swift */; };
		6342EEE928BC528800D89794 /* ViewController.swift in Sources */ = {isa = PBXBuildFile; fileRef = 6342EEE828BC528800D89794 /* ViewController.swift */; };
		6342EEEC28BC528800D89794 /* Main.storyboard in Resources */ = {isa = PBXBuildFile; fileRef = 6342EEEA28BC528800D89794 /* Main.storyboard */; };
		6342EEEE28BC528800D89794 /* Assets.xcassets in Resources */ = {isa = PBXBuildFile; fileRef = 6342EEED28BC528800D89794 /* Assets.xcassets */; };
		6342EEF128BC528800D89794 /* LaunchScreen.storyboard in Resources */ = {isa = PBXBuildFile; fileRef = 6342EEEF28BC528800D89794 /* LaunchScreen.storyboard */; };
		6342EEFC28BC528900D89794 /* IOS_PreworkTests.swift in Sources */ = {isa = PBXBuildFile; fileRef = 6342EEFB28BC528900D89794 /* IOS_PreworkTests.swift */; };
		6342EF0628BC528900D89794 /* IOS_PreworkUITests.swift in Sources */ = {isa = PBXBuildFile; fileRef = 6342EF0528BC528900D89794 /* IOS_PreworkUITests.swift */; };
		6342EF0828BC528900D89794 /* IOS_PreworkUITestsLaunchTests.swift in Sources */ = {isa = PBXBuildFile; fileRef = 6342EF0728BC528900D89794 /* IOS_PreworkUITestsLaunchTests.swift */; };
/* End PBXBuildFile section */

/* Begin PBXContainerItemProxy section */
		6342EEF828BC528900D89794 /* PBXContainerItemProxy */ = {
			isa = PBXContainerItemProxy;
			containerPortal = 6342EED928BC528800D89794 /* Project object */;
			proxyType = 1;
			remoteGlobalIDString = 6342EEE028BC528800D89794;
			remoteInfo = "IOS Prework";
		};
		6342EF0228BC528900D89794 /* PBXContainerItemProxy */ = {
			isa = PBXContainerItemProxy;
			containerPortal = 6342EED928BC528800D89794 /* Project object */;
			proxyType = 1;
			remoteGlobalIDString = 6342EEE028BC528800D89794;
			remoteInfo = "IOS Prework";
		};
/* End PBXContainerItemProxy section */

/* Begin PBXFileReference section */
		6342EEE128BC528800D89794 /* IOS Prework.app */ = {isa = PBXFileReference; explicitFileType = wrapper.application; includeInIndex = 0; path = "IOS Prework.app"; sourceTree = BUILT_PRODUCTS_DIR; };
		6342EEE428BC528800D89794 /* AppDelegate.swift */ = {isa = PBXFileReference; lastKnownFileType = sourcecode.swift; path = AppDelegate.swift; sourceTree = "<group>"; };
		6342EEE628BC528800D89794 /* SceneDelegate.swift */ = {isa = PBXFileReference; lastKnownFileType = sourcecode.swift; path = SceneDelegate.swift; sourceTree = "<group>"; };
		6342EEE828BC528800D89794 /* ViewController.swift */ = {isa = PBXFileReference; lastKnownFileType = sourcecode.swift; path = ViewController.swift; sourceTree = "<group>"; };
		6342EEEB28BC528800D89794 /* Base */ = {isa = PBXFileReference; lastKnownFileType = file.storyboard; name = Base; path = Base.lproj/Main.storyboard; sourceTree = "<group>"; };
		6342EEED28BC528800D89794 /* Assets.xcassets */ = {isa = PBXFileReference; lastKnownFileType = folder.assetcatalog; path = Assets.xcassets; sourceTree = "<group>"; };
		6342EEF028BC528800D89794 /* Base */ = {isa = PBXFileReference; lastKnownFileType = file.storyboard; name = Base; path = Base.lproj/LaunchScreen.storyboard; sourceTree = "<group>"; };
		6342EEF228BC528800D89794 /* Info.plist */ = {isa = PBXFileReference; lastKnownFileType = text.plist.xml; path = Info.plist; sourceTree = "<group>"; };
		6342EEF728BC528900D89794 /* IOS PreworkTests.xctest */ = {isa = PBXFileReference; explicitFileType = wrapper.cfbundle; includeInIndex = 0; path = "IOS PreworkTests.xctest"; sourceTree = BUILT_PRODUCTS_DIR; };
		6342EEFB28BC528900D89794 /* IOS_PreworkTests.swift */ = {isa = PBXFileReference; lastKnownFileType = sourcecode.swift; path = IOS_PreworkTests.swift; sourceTree = "<group>"; };
		6342EF0128BC528900D89794 /* IOS PreworkUITests.xctest */ = {isa = PBXFileReference; explicitFileType = wrapper.cfbundle; includeInIndex = 0; path = "IOS PreworkUITests.xctest"; sourceTree = BUILT_PRODUCTS_DIR; };
		6342EF0528BC528900D89794 /* IOS_PreworkUITests.swift */ = {isa = PBXFileReference; lastKnownFileType = sourcecode.swift; path = IOS_PreworkUITests.swift; sourceTree = "<group>"; };
		6342EF0728BC528900D89794 /* IOS_PreworkUITestsLaunchTests.swift */ = {isa = PBXFileReference; lastKnownFileType = sourcecode.swift; path = IOS_PreworkUITestsLaunchTests.swift; sourceTree = "<group>"; };
/* End PBXFileReference section */

/* Begin PBXFrameworksBuildPhase section */
		6342EEDE28BC528800D89794 /* Frameworks */ = {
			isa = PBXFrameworksBuildPhase;
			buildActionMask = 2147483647;
			files = (
			);
			runOnlyForDeploymentPostprocessing = 0;
		};
		6342EEF428BC528900D89794 /* Frameworks */ = {
			isa = PBXFrameworksBuildPhase;
			buildActionMask = 2147483647;
			files = (
			);
			runOnlyForDeploymentPostprocessing = 0;
		};
		6342EEFE28BC528900D89794 /* Frameworks */ = {
			isa = PBXFrameworksBuildPhase;
			buildActionMask = 2147483647;
			files = (
			);
			runOnlyForDeploymentPostprocessing = 0;
		};
/* End PBXFrameworksBuildPhase section */

/* Begin PBXGroup section */
		6342EED828BC528800D89794 = {
			isa = PBXGroup;
			children = (
				6342EEE328BC528800D89794 /* IOS Prework */,
				6342EEFA28BC528900D89794 /* IOS PreworkTests */,
				6342EF0428BC528900D89794 /* IOS PreworkUITests */,
				6342EEE228BC528800D89794 /* Products */,
			);
			sourceTree = "<group>";
		};
		6342EEE228BC528800D89794 /* Products */ = {
			isa = PBXGroup;
			children = (
				6342EEE128BC528800D89794 /* IOS Prework.app */,
				6342EEF728BC528900D89794 /* IOS PreworkTests.xctest */,
				6342EF0128BC528900D89794 /* IOS PreworkUITests.xctest */,
			);
			name = Products;
			sourceTree = "<group>";
		};
		6342EEE328BC528800D89794 /* IOS Prework */ = {
			isa = PBXGroup;
			children = (
				6342EEE428BC528800D89794 /* AppDelegate.swift */,
				6342EEE628BC528800D89794 /* SceneDelegate.swift */,
				6342EEE828BC528800D89794 /* ViewController.swift */,
				6342EEEA28BC528800D89794 /* Main.storyboard */,
				6342EEED28BC528800D89794 /* Assets.xcassets */,
				6342EEEF28BC528800D89794 /* LaunchScreen.storyboard */,
				6342EEF228BC528800D89794 /* Info.plist */,
			);
			path = "IOS Prework";
			sourceTree = "<group>";
		};
		6342EEFA28BC528900D89794 /* IOS PreworkTests */ = {
			isa = PBXGroup;
			children = (
				6342EEFB28BC528900D89794 /* IOS_PreworkTests.swift */,
			);
			path = "IOS PreworkTests";
			sourceTree = "<group>";
		};
		6342EF0428BC528900D89794 /* IOS PreworkUITests */ = {
			isa = PBXGroup;
			children = (
				6342EF0528BC528900D89794 /* IOS_PreworkUITests.swift */,
				6342EF0728BC528900D89794 /* IOS_PreworkUITestsLaunchTests.swift */,
			);
			path = "IOS PreworkUITests";
			sourceTree = "<group>";
		};
/* End PBXGroup section */

/* Begin PBXNativeTarget section */
		6342EEE028BC528800D89794 /* IOS Prework */ = {
			isa = PBXNativeTarget;
			buildConfigurationList = 6342EF0B28BC528900D89794 /* Build configuration list for PBXNativeTarget "IOS Prework" */;
			buildPhases = (
				6342EEDD28BC528800D89794 /* Sources */,
				6342EEDE28BC528800D89794 /* Frameworks */,
				6342EEDF28BC528800D89794 /* Resources */,
			);
			buildRules = (
			);
			dependencies = (
			);
			name = "IOS Prework";
			productName = "IOS Prework";
			productReference = 6342EEE128BC528800D89794 /* IOS Prework.app */;
			productType = "com.apple.product-type.application";
		};
		6342EEF628BC528900D89794 /* IOS PreworkTests */ = {
			isa = PBXNativeTarget;
			buildConfigurationList = 6342EF0E28BC528900D89794 /* Build configuration list for PBXNativeTarget "IOS PreworkTests" */;
			buildPhases = (
				6342EEF328BC528900D89794 /* Sources */,
				6342EEF428BC528900D89794 /* Frameworks */,
				6342EEF528BC528900D89794 /* Resources */,
			);
			buildRules = (
			);
			dependencies = (
				6342EEF928BC528900D89794 /* PBXTargetDependency */,
			);
			name = "IOS PreworkTests";
			productName = "IOS PreworkTests";
			productReference = 6342EEF728BC528900D89794 /* IOS PreworkTests.xctest */;
			productType = "com.apple.product-type.bundle.unit-test";
		};
		6342EF0028BC528900D89794 /* IOS PreworkUITests */ = {
			isa = PBXNativeTarget;
			buildConfigurationList = 6342EF1128BC528900D89794 /* Build configuration list for PBXNativeTarget "IOS PreworkUITests" */;
			buildPhases = (
				6342EEFD28BC528900D89794 /* Sources */,
				6342EEFE28BC528900D89794 /* Frameworks */,
				6342EEFF28BC528900D89794 /* Resources */,
			);
			buildRules = (
			);
			dependencies = (
				6342EF0328BC528900D89794 /* PBXTargetDependency */,
			);
			name = "IOS PreworkUITests";
			productName = "IOS PreworkUITests";
			productReference = 6342EF0128BC528900D89794 /* IOS PreworkUITests.xctest */;
			productType = "com.apple.product-type.bundle.ui-testing";
		};
/* End PBXNativeTarget section */

/* Begin PBXProject section */
		6342EED928BC528800D89794 /* Project object */ = {
			isa = PBXProject;
			attributes = {
				BuildIndependentTargetsInParallel = 1;
				LastSwiftUpdateCheck = 1340;
				LastUpgradeCheck = 1340;
				TargetAttributes = {
					6342EEE028BC528800D89794 = {
						CreatedOnToolsVersion = 13.4.1;
					};
					6342EEF628BC528900D89794 = {
						CreatedOnToolsVersion = 13.4.1;
						TestTargetID = 6342EEE028BC528800D89794;
					};
					6342EF0028BC528900D89794 = {
						CreatedOnToolsVersion = 13.4.1;
						TestTargetID = 6342EEE028BC528800D89794;
					};
				};
			};
			buildConfigurationList = 6342EEDC28BC528800D89794 /* Build configuration list for PBXProject "IOS Prework" */;
			compatibilityVersion = "Xcode 13.0";
			developmentRegion = en;
			hasScannedForEncodings = 0;
			knownRegions = (
				en,
				Base,
			);
			mainGroup = 6342EED828BC528800D89794;
			productRefGroup = 6342EEE228BC528800D89794 /* Products */;
			projectDirPath = "";
			projectRoot = "";
			targets = (
				6342EEE028BC528800D89794 /* IOS Prework */,
				6342EEF628BC528900D89794 /* IOS PreworkTests */,
				6342EF0028BC528900D89794 /* IOS PreworkUITests */,
			);
		};
/* End PBXProject section */

/* Begin PBXResourcesBuildPhase section */
		6342EEDF28BC528800D89794 /* Resources */ = {
			isa = PBXResourcesBuildPhase;
			buildActionMask = 2147483647;
			files = (
				6342EEF128BC528800D89794 /* LaunchScreen.storyboard in Resources */,
				6342EEEE28BC528800D89794 /* Assets.xcassets in Resources */,
				6342EEEC28BC528800D89794 /* Main.storyboard in Resources */,
			);
			runOnlyForDeploymentPostprocessing = 0;
		};
		6342EEF528BC528900D89794 /* Resources */ = {
			isa = PBXResourcesBuildPhase;
			buildActionMask = 2147483647;
			files = (
			);
			runOnlyForDeploymentPostprocessing = 0;
		};
		6342EEFF28BC528900D89794 /* Resources */ = {
			isa = PBXResourcesBuildPhase;
			buildActionMask = 2147483647;
			files = (
			);
			runOnlyForDeploymentPostprocessing = 0;
		};
/* End PBXResourcesBuildPhase section */

/* Begin PBXSourcesBuildPhase section */
		6342EEDD28BC528800D89794 /* Sources */ = {
			isa = PBXSourcesBuildPhase;
			buildActionMask = 2147483647;
			files = (
				6342EEE928BC528800D89794 /* ViewController.swift in Sources */,
				6342EEE528BC528800D89794 /* AppDelegate.swift in Sources */,
				6342EEE728BC528800D89794 /* SceneDelegate.swift in Sources */,
			);
			runOnlyForDeploymentPostprocessing = 0;
		};
		6342EEF328BC528900D89794 /* Sources */ = {
			isa = PBXSourcesBuildPhase;
			buildActionMask = 2147483647;
			files = (
				6342EEFC28BC528900D89794 /* IOS_PreworkTests.swift in Sources */,
			);
			runOnlyForDeploymentPostprocessing = 0;
		};
		6342EEFD28BC528900D89794 /* Sources */ = {
			isa = PBXSourcesBuildPhase;
			buildActionMask = 2147483647;
			files = (
				6342EF0628BC528900D89794 /* IOS_PreworkUITests.swift in Sources */,
				6342EF0828BC528900D89794 /* IOS_PreworkUITestsLaunchTests.swift in Sources */,
			);
			runOnlyForDeploymentPostprocessing = 0;
		};
/* End PBXSourcesBuildPhase section */

/* Begin PBXTargetDependency section */
		6342EEF928BC528900D89794 /* PBXTargetDependency */ = {
			isa = PBXTargetDependency;
			target = 6342EEE028BC528800D89794 /* IOS Prework */;
			targetProxy = 6342EEF828BC528900D89794 /* PBXContainerItemProxy */;
		};
		6342EF0328BC528900D89794 /* PBXTargetDependency */ = {
			isa = PBXTargetDependency;
			target = 6342EEE028BC528800D89794 /* IOS Prework */;
			targetProxy = 6342EF0228BC528900D89794 /* PBXContainerItemProxy */;
		};
/* End PBXTargetDependency section */

/* Begin PBXVariantGroup section */
		6342EEEA28BC528800D89794 /* Main.storyboard */ = {
			isa = PBXVariantGroup;
			children = (
				6342EEEB28BC528800D89794 /* Base */,
			);
			name = Main.storyboard;
			sourceTree = "<group>";
		};
		6342EEEF28BC528800D89794 /* LaunchScreen.storyboard */ = {
			isa = PBXVariantGroup;
			children = (
				6342EEF028BC528800D89794 /* Base */,
			);
			name = LaunchScreen.storyboard;
			sourceTree = "<group>";
		};
/* End PBXVariantGroup section */

/* Begin XCBuildConfiguration section */
		6342EF0928BC528900D89794 /* Debug */ = {
			isa = XCBuildConfiguration;
			buildSettings = {
				ALWAYS_SEARCH_USER_PATHS = NO;
				CLANG_ANALYZER_NONNULL = YES;
				CLANG_ANALYZER_NUMBER_OBJECT_CONVERSION = YES_AGGRESSIVE;
				CLANG_CXX_LANGUAGE_STANDARD = "gnu++17";
				CLANG_ENABLE_MODULES = YES;
				CLANG_ENABLE_OBJC_ARC = YES;
				CLANG_ENABLE_OBJC_WEAK = YES;
				CLANG_WARN_BLOCK_CAPTURE_AUTORELEASING = YES;
				CLANG_WARN_BOOL_CONVERSION = YES;
				CLANG_WARN_COMMA = YES;
				CLANG_WARN_CONSTANT_CONVERSION = YES;
				CLANG_WARN_DEPRECATED_OBJC_IMPLEMENTATIONS = YES;
				CLANG_WARN_DIRECT_OBJC_ISA_USAGE = YES_ERROR;
				CLANG_WARN_DOCUMENTATION_COMMENTS = YES;
				CLANG_WARN_EMPTY_BODY = YES;
				CLANG_WARN_ENUM_CONVERSION = YES;
				CLANG_WARN_INFINITE_RECURSION = YES;
				CLANG_WARN_INT_CONVERSION = YES;
				CLANG_WARN_NON_LITERAL_NULL_CONVERSION = YES;
				CLANG_WARN_OBJC_IMPLICIT_RETAIN_SELF = YES;
				CLANG_WARN_OBJC_LITERAL_CONVERSION = YES;
				CLANG_WARN_OBJC_ROOT_CLASS = YES_ERROR;
				CLANG_WARN_QUOTED_INCLUDE_IN_FRAMEWORK_HEADER = YES;
				CLANG_WARN_RANGE_LOOP_ANALYSIS = YES;
				CLANG_WARN_STRICT_PROTOTYPES = YES;
				CLANG_WARN_SUSPICIOUS_MOVE = YES;
				CLANG_WARN_UNGUARDED_AVAILABILITY = YES_AGGRESSIVE;
				CLANG_WARN_UNREACHABLE_CODE = YES;
				CLANG_WARN__DUPLICATE_METHOD_MATCH = YES;
				COPY_PHASE_STRIP = NO;
				DEBUG_INFORMATION_FORMAT = dwarf;
				ENABLE_STRICT_OBJC_MSGSEND = YES;
				ENABLE_TESTABILITY = YES;
				GCC_C_LANGUAGE_STANDARD = gnu11;
				GCC_DYNAMIC_NO_PIC = NO;
				GCC_NO_COMMON_BLOCKS = YES;
				GCC_OPTIMIZATION_LEVEL = 0;
				GCC_PREPROCESSOR_DEFINITIONS = (
					"DEBUG=1",
					"$(inherited)",
				);
				GCC_WARN_64_TO_32_BIT_CONVERSION = YES;
				GCC_WARN_ABOUT_RETURN_TYPE = YES_ERROR;
				GCC_WARN_UNDECLARED_SELECTOR = YES;
				GCC_WARN_UNINITIALIZED_AUTOS = YES_AGGRESSIVE;
				GCC_WARN_UNUSED_FUNCTION = YES;
				GCC_WARN_UNUSED_VARIABLE = YES;
				IPHONEOS_DEPLOYMENT_TARGET = 15.5;
				MTL_ENABLE_DEBUG_INFO = INCLUDE_SOURCE;
				MTL_FAST_MATH = YES;
				ONLY_ACTIVE_ARCH = YES;
				SDKROOT = iphoneos;
				SWIFT_ACTIVE_COMPILATION_CONDITIONS = DEBUG;
				SWIFT_OPTIMIZATION_LEVEL = "-Onone";
			};
			name = Debug;
		};
		6342EF0A28BC528900D89794 /* Release */ = {
			isa = XCBuildConfiguration;
			buildSettings = {
				ALWAYS_SEARCH_USER_PATHS = NO;
				CLANG_ANALYZER_NONNULL = YES;
				CLANG_ANALYZER_NUMBER_OBJECT_CONVERSION = YES_AGGRESSIVE;
				CLANG_CXX_LANGUAGE_STANDARD = "gnu++17";
				CLANG_ENABLE_MODULES = YES;
				CLANG_ENABLE_OBJC_ARC = YES;
				CLANG_ENABLE_OBJC_WEAK = YES;
				CLANG_WARN_BLOCK_CAPTURE_AUTORELEASING = YES;
				CLANG_WARN_BOOL_CONVERSION = YES;
				CLANG_WARN_COMMA = YES;
				CLANG_WARN_CONSTANT_CONVERSION = YES;
				CLANG_WARN_DEPRECATED_OBJC_IMPLEMENTATIONS = YES;
				CLANG_WARN_DIRECT_OBJC_ISA_USAGE = YES_ERROR;
				CLANG_WARN_DOCUMENTATION_COMMENTS = YES;
				CLANG_WARN_EMPTY_BODY = YES;
				CLANG_WARN_ENUM_CONVERSION = YES;
				CLANG_WARN_INFINITE_RECURSION = YES;
				CLANG_WARN_INT_CONVERSION = YES;
				CLANG_WARN_NON_LITERAL_NULL_CONVERSION = YES;
				CLANG_WARN_OBJC_IMPLICIT_RETAIN_SELF = YES;
				CLANG_WARN_OBJC_LITERAL_CONVERSION = YES;
				CLANG_WARN_OBJC_ROOT_CLASS = YES_ERROR;
				CLANG_WARN_QUOTED_INCLUDE_IN_FRAMEWORK_HEADER = YES;
				CLANG_WARN_RANGE_LOOP_ANALYSIS = YES;
				CLANG_WARN_STRICT_PROTOTYPES = YES;
				CLANG_WARN_SUSPICIOUS_MOVE = YES;
				CLANG_WARN_UNGUARDED_AVAILABILITY = YES_AGGRESSIVE;
				CLANG_WARN_UNREACHABLE_CODE = YES;
				CLANG_WARN__DUPLICATE_METHOD_MATCH = YES;
				COPY_PHASE_STRIP = NO;
				DEBUG_INFORMATION_FORMAT = "dwarf-with-dsym";
				ENABLE_NS_ASSERTIONS = NO;
				ENABLE_STRICT_OBJC_MSGSEND = YES;
				GCC_C_LANGUAGE_STANDARD = gnu11;
				GCC_NO_COMMON_BLOCKS = YES;
				GCC_WARN_64_TO_32_BIT_CONVERSION = YES;
				GCC_WARN_ABOUT_RETURN_TYPE = YES_ERROR;
				GCC_WARN_UNDECLARED_SELECTOR = YES;
				GCC_WARN_UNINITIALIZED_AUTOS = YES_AGGRESSIVE;
				GCC_WARN_UNUSED_FUNCTION = YES;
				GCC_WARN_UNUSED_VARIABLE = YES;
				IPHONEOS_DEPLOYMENT_TARGET = 15.5;
				MTL_ENABLE_DEBUG_INFO = NO;
				MTL_FAST_MATH = YES;
				SDKROOT = iphoneos;
				SWIFT_COMPILATION_MODE = wholemodule;
				SWIFT_OPTIMIZATION_LEVEL = "-O";
				VALIDATE_PRODUCT = YES;
			};
			name = Release;
		};
		6342EF0C28BC528900D89794 /* Debug */ = {
			isa = XCBuildConfiguration;
			buildSettings = {
				ASSETCATALOG_COMPILER_APPICON_NAME = AppIcon;
				ASSETCATALOG_COMPILER_GLOBAL_ACCENT_COLOR_NAME = AccentColor;
				CODE_SIGN_STYLE = Automatic;
				CURRENT_PROJECT_VERSION = 1;
				GENERATE_INFOPLIST_FILE = YES;
				INFOPLIST_FILE = "IOS Prework/Info.plist";
				INFOPLIST_KEY_CFBundleDisplayName = "Tip Calculator";
				INFOPLIST_KEY_UIApplicationSupportsIndirectInputEvents = YES;
				INFOPLIST_KEY_UILaunchStoryboardName = LaunchScreen;
				INFOPLIST_KEY_UIMainStoryboardFile = Main;
				INFOPLIST_KEY_UISupportedInterfaceOrientations_iPad = "UIInterfaceOrientationPortrait UIInterfaceOrientationPortraitUpsideDown UIInterfaceOrientationLandscapeLeft UIInterfaceOrientationLandscapeRight";
				INFOPLIST_KEY_UISupportedInterfaceOrientations_iPhone = "UIInterfaceOrientationPortrait UIInterfaceOrientationLandscapeLeft UIInterfaceOrientationLandscapeRight";
				LD_RUNPATH_SEARCH_PATHS = (
					"$(inherited)",
					"@executable_path/Frameworks",
				);
				MARKETING_VERSION = 1.0;
				PRODUCT_BUNDLE_IDENTIFIER = "memo.com.IOS-Prework";
				PRODUCT_NAME = "$(TARGET_NAME)";
				SWIFT_EMIT_LOC_STRINGS = YES;
				SWIFT_VERSION = 5.0;
				TARGETED_DEVICE_FAMILY = 1;
			};
			name = Debug;
		};
		6342EF0D28BC528900D89794 /* Release */ = {
			isa = XCBuildConfiguration;
			buildSettings = {
				ASSETCATALOG_COMPILER_APPICON_NAME = AppIcon;
				ASSETCATALOG_COMPILER_GLOBAL_ACCENT_COLOR_NAME = AccentColor;
				CODE_SIGN_STYLE = Automatic;
				CURRENT_PROJECT_VERSION = 1;
				GENERATE_INFOPLIST_FILE = YES;
				INFOPLIST_FILE = "IOS Prework/Info.plist";
				INFOPLIST_KEY_CFBundleDisplayName = "Tip Calculator";
				INFOPLIST_KEY_UIApplicationSupportsIndirectInputEvents = YES;
				INFOPLIST_KEY_UILaunchStoryboardName = LaunchScreen;
				INFOPLIST_KEY_UIMainStoryboardFile = Main;
				INFOPLIST_KEY_UISupportedInterfaceOrientations_iPad = "UIInterfaceOrientationPortrait UIInterfaceOrientationPortraitUpsideDown UIInterfaceOrientationLandscapeLeft UIInterfaceOrientationLandscapeRight";
				INFOPLIST_KEY_UISupportedInterfaceOrientations_iPhone = "UIInterfaceOrientationPortrait UIInterfaceOrientationLandscapeLeft UIInterfaceOrientationLandscapeRight";
				LD_RUNPATH_SEARCH_PATHS = (
					"$(inherited)",
					"@executable_path/Frameworks",
				);
				MARKETING_VERSION = 1.0;
				PRODUCT_BUNDLE_IDENTIFIER = "memo.com.IOS-Prework";
				PRODUCT_NAME = "$(TARGET_NAME)";
				SWIFT_EMIT_LOC_STRINGS = YES;
				SWIFT_VERSION = 5.0;
				TARGETED_DEVICE_FAMILY = 1;
			};
			name = Release;
		};
		6342EF0F28BC528900D89794 /* Debug */ = {
			isa = XCBuildConfiguration;
			buildSettings = {
				ALWAYS_EMBED_SWIFT_STANDARD_LIBRARIES = YES;
				BUNDLE_LOADER = "$(TEST_HOST)";
				CODE_SIGN_STYLE = Automatic;
				CURRENT_PROJECT_VERSION = 1;
				GENERATE_INFOPLIST_FILE = YES;
				IPHONEOS_DEPLOYMENT_TARGET = 15.5;
				MARKETING_VERSION = 1.0;
				PRODUCT_BUNDLE_IDENTIFIER = "memo.com.IOS-PreworkTests";
				PRODUCT_NAME = "$(TARGET_NAME)";
				SWIFT_EMIT_LOC_STRINGS = NO;
				SWIFT_VERSION = 5.0;
				TARGETED_DEVICE_FAMILY = "1,2";
				TEST_HOST = "$(BUILT_PRODUCTS_DIR)/IOS Prework.app/IOS Prework";
			};
			name = Debug;
		};
		6342EF1028BC528900D89794 /* Release */ = {
			isa = XCBuildConfiguration;
			buildSettings = {
				ALWAYS_EMBED_SWIFT_STANDARD_LIBRARIES = YES;
				BUNDLE_LOADER = "$(TEST_HOST)";
				CODE_SIGN_STYLE = Automatic;
				CURRENT_PROJECT_VERSION = 1;
				GENERATE_INFOPLIST_FILE = YES;
				IPHONEOS_DEPLOYMENT_TARGET = 15.5;
				MARKETING_VERSION = 1.0;
				PRODUCT_BUNDLE_IDENTIFIER = "memo.com.IOS-PreworkTests";
				PRODUCT_NAME = "$(TARGET_NAME)";
				SWIFT_EMIT_LOC_STRINGS = NO;
				SWIFT_VERSION = 5.0;
				TARGETED_DEVICE_FAMILY = "1,2";
				TEST_HOST = "$(BUILT_PRODUCTS_DIR)/IOS Prework.app/IOS Prework";
			};
			name = Release;
		};
		6342EF1228BC528900D89794 /* Debug */ = {
			isa = XCBuildConfiguration;
			buildSettings = {
				ALWAYS_EMBED_SWIFT_STANDARD_LIBRARIES = YES;
				CODE_SIGN_STYLE = Automatic;
				CURRENT_PROJECT_VERSION = 1;
				GENERATE_INFOPLIST_FILE = YES;
				MARKETING_VERSION = 1.0;
				PRODUCT_BUNDLE_IDENTIFIER = "memo.com.IOS-PreworkUITests";
				PRODUCT_NAME = "$(TARGET_NAME)";
				SWIFT_EMIT_LOC_STRINGS = NO;
				SWIFT_VERSION = 5.0;
				TARGETED_DEVICE_FAMILY = "1,2";
				TEST_TARGET_NAME = "IOS Prework";
			};
			name = Debug;
		};
		6342EF1328BC528900D89794 /* Release */ = {
			isa = XCBuildConfiguration;
			buildSettings = {
				ALWAYS_EMBED_SWIFT_STANDARD_LIBRARIES = YES;
				CODE_SIGN_STYLE = Automatic;
				CURRENT_PROJECT_VERSION = 1;
				GENERATE_INFOPLIST_FILE = YES;
				MARKETING_VERSION = 1.0;
				PRODUCT_BUNDLE_IDENTIFIER = "memo.com.IOS-PreworkUITests";
				PRODUCT_NAME = "$(TARGET_NAME)";
				SWIFT_EMIT_LOC_STRINGS = NO;
				SWIFT_VERSION = 5.0;
				TARGETED_DEVICE_FAMILY = "1,2";
				TEST_TARGET_NAME = "IOS Prework";
			};
			name = Release;
		};
/* End XCBuildConfiguration section */

/* Begin XCConfigurationList section */
		6342EEDC28BC528800D89794 /* Build configuration list for PBXProject "IOS Prework" */ = {
			isa = XCConfigurationList;
			buildConfigurations = (
				6342EF0928BC528900D89794 /* Debug */,
				6342EF0A28BC528900D89794 /* Release */,
			);
			defaultConfigurationIsVisible = 0;
			defaultConfigurationName = Release;
		};
		6342EF0B28BC528900D89794 /* Build configuration list for PBXNativeTarget "IOS Prework" */ = {
			isa = XCConfigurationList;
			buildConfigurations = (
				6342EF0C28BC528900D89794 /* Debug */,
				6342EF0D28BC528900D89794 /* Release */,
			);
			defaultConfigurationIsVisible = 0;
			defaultConfigurationName = Release;
		};
		6342EF0E28BC528900D89794 /* Build configuration list for PBXNativeTarget "IOS PreworkTests" */ = {
			isa = XCConfigurationList;
			buildConfigurations = (
				6342EF0F28BC528900D89794 /* Debug */,
				6342EF1028BC528900D89794 /* Release */,
			);
			defaultConfigurationIsVisible = 0;
			defaultConfigurationName = Release;
		};
		6342EF1128BC528900D89794 /* Build configuration list for PBXNativeTarget "IOS PreworkUITests" */ = {
			isa = XCConfigurationList;
			buildConfigurations = (
				6342EF1228BC528900D89794 /* Debug */,
				6342EF1328BC528900D89794 /* Release */,
			);
			defaultConfigurationIsVisible = 0;
			defaultConfigurationName = Release;
		};
/* End XCConfigurationList section */
	};
	rootObject = 6342EED928BC528800D89794 /* Project object */;
}
